
Microsoft Visual Studio Solution File, Format Version 12.00
# Visual Studio Version 17
VisualStudioVersion = 17.11.35219.272
MinimumVisualStudioVersion = 10.0.40219.1
Project("{FAE04EC0-301F-11D3-BF4B-00C04F79EFBC}") = "Calculator", "Calculator\Calculator.csproj", "{AF108473-2270-4A3F-821A-152A8376B753}"
EndProject
Global
	GlobalSection(SolutionConfigurationPlatforms) = preSolution
		Debug|Any CPU = Debug|Any CPU
		Release|Any CPU = Release|Any CPU
	EndGlobalSection
	GlobalSection(ProjectConfigurationPlatforms) = postSolution
		{AF108473-2270-4A3F-821A-152A8376B753}.Debug|Any CPU.ActiveCfg = Debug|Any CPU
		{AF108473-2270-4A3F-821A-152A8376B753}.Debug|Any CPU.Build.0 = Debug|Any CPU
		{AF108473-2270-4A3F-821A-152A8376B753}.Debug|Any CPU.Deploy.0 = Debug|Any CPU
		{AF108473-2270-4A3F-821A-152A8376B753}.Release|Any CPU.ActiveCfg = Release|Any CPU
		{AF108473-2270-4A3F-821A-152A8376B753}.Release|Any CPU.Build.0 = Release|Any CPU
		{AF108473-2270-4A3F-821A-152A8376B753}.Release|Any CPU.Deploy.0 = Release|Any CPU
	EndGlobalSection
	GlobalSection(SolutionProperties) = preSolution
		HideSolutionNode = FALSE
	EndGlobalSection
	GlobalSection(ExtensibilityGlobals) = postSolution
		SolutionGuid = {8CC4CB61-59C8-4E38-8FF9-E235AB9CF823}
	EndGlobalSection
EndGlobal
